
Microsoft Visual Studio Solution File, Format Version 12.00
# Visual Studio Version 17
Project("{2150E333-8FDC-42A3-9474-1A3956D46DE8}") = "CMakePredefinedTargets", "CMakePredefinedTargets", "{07899542-9944-3C36-B6F2-3E8F1FEE553A}"
EndProject
Project("{8BC9CEB8-8B4A-11D0-8D11-00A0C91BC942}") = "ALL_BUILD", "ALL_BUILD.vcxproj", "{67584EBE-20CA-340A-99E9-AECFBDB51994}"
	ProjectSection(ProjectDependencies) = postProject
		{0CBE693A-E02D-3EF0-A2F2-BD25CE969264} = {0CBE693A-E02D-3EF0-A2F2-BD25CE969264}
		{21737632-6522-39EA-8539-482BD95F3784} = {21737632-6522-39EA-8539-482BD95F3784}
		{73774C90-55D6-32D6-8A60-C2BDD3549A01} = {73774C90-55D6-32D6-8A60-C2BDD3549A01}
		{7115C65C-3FAE-3C12-8AA5-2632AD17511E} = {7115C65C-3FAE-3C12-8AA5-2632AD17511E}
		{9350A772-1340-33DA-BB9A-FF689B6AA683} = {9350A772-1340-33DA-BB9A-FF689B6AA683}
		{E84943A6-29AF-3245-B2E2-3FB67D4A608E} = {E84943A6-29AF-3245-B2E2-3FB67D4A608E}
		{8EF9A167-3DF0-39BA-8FF6-5FB3B4FC9563} = {8EF9A167-3DF0-39BA-8FF6-5FB3B4FC9563}
		{233BAF93-CAFC-32E7-A86D-CD72781D3BD2} = {233BAF93-CAFC-32E7-A86D-CD72781D3BD2}
		{83AA108F-D37E-3DC1-BC2A-B32A0441E45A} = {83AA108F-D37E-3DC1-BC2A-B32A0441E45A}
		{9E635746-C5D8-3E7B-97C4-5D8F330FEEE4} = {9E635746-C5D8-3E7B-97C4-5D8F330FEEE4}
		{8366D4FC-F233-361F-A566-297684B47AAD} = {8366D4FC-F233-361F-A566-297684B47AAD}
		{59D05C73-1D43-377B-858E-BEDC4EB405D9} = {59D05C73-1D43-377B-858E-BEDC4EB405D9}
		{99740FE9-CBBE-3818-A201-D54A550F06C3} = {99740FE9-CBBE-3818-A201-D54A550F06C3}
		{3EADFF87-9ABA-3441-9225-FEF8E2B74E25} = {3EADFF87-9ABA-3441-9225-FEF8E2B74E25}
		{AB109405-E50B-3B67-8489-6FB8F388EDD0} = {AB109405-E50B-3B67-8489-6FB8F388EDD0}
		{985E40CB-B3A7-325F-AC4B-2EAF20BC578A} = {985E40CB-B3A7-325F-AC4B-2EAF20BC578A}
		{62CC27D9-0FBE-3438-9B1E-514608671B59} = {62CC27D9-0FBE-3438-9B1E-514608671B59}
		{D59165F1-CFB1-3073-AEAB-E5EBFEEA43BB} = {D59165F1-CFB1-3073-AEAB-E5EBFEEA43BB}
		{E4DB3113-9B54-3098-AC32-60B04875DA12} = {E4DB3113-9B54-3098-AC32-60B04875DA12}
		{B6784852-2C45-3E3D-B50E-70E880B69FBC} = {B6784852-2C45-3E3D-B50E-70E880B69FBC}
		{57494EDA-5B9F-32CF-84A4-9614E204F8E3} = {57494EDA-5B9F-32CF-84A4-9614E204F8E3}
		{960CFDEA-E548-39E8-8EA1-DDE27488C04B} = {960CFDEA-E548-39E8-8EA1-DDE27488C04B}
		{F89B8D1B-DC51-3FD9-929A-EBD2DEBDAF04} = {F89B8D1B-DC51-3FD9-929A-EBD2DEBDAF04}
		{DE0B6553-863B-3956-927C-62F79D454D52} = {DE0B6553-863B-3956-927C-62F79D454D52}
		{E9166746-0691-310F-B05E-A8418FA4F304} = {E9166746-0691-310F-B05E-A8418FA4F304}
		{279C5FCC-4799-325E-ABF3-795806DCFC3D} = {279C5FCC-4799-325E-ABF3-795806DCFC3D}
		{90E24494-5C91-36D6-842B-B46327BC90F6} = {90E24494-5C91-36D6-842B-B46327BC90F6}
		{02521753-3677-3F80-847F-278F1EBB63E1} = {02521753-3677-3F80-847F-278F1EBB63E1}
	EndProjectSection
EndProject
Project("{8BC9CEB8-8B4A-11D0-8D11-00A0C91BC942}") = "INSTALL", "INSTALL.vcxproj", "{80258B5C-EE40-3E15-A306-BD141515D17C}"
	ProjectSection(ProjectDependencies) = postProject
		{67584EBE-20CA-340A-99E9-AECFBDB51994} = {67584EBE-20CA-340A-99E9-AECFBDB51994}
		{0CBE693A-E02D-3EF0-A2F2-BD25CE969264} = {0CBE693A-E02D-3EF0-A2F2-BD25CE969264}
	EndProjectSection
EndProject
Project("{8BC9CEB8-8B4A-11D0-8D11-00A0C91BC942}") = "ZERO_CHECK", "ZERO_CHECK.vcxproj", "{0CBE693A-E02D-3EF0-A2F2-BD25CE969264}"
	ProjectSection(ProjectDependencies) = postProject
	EndProjectSection
EndProject
Project("{8BC9CEB8-8B4A-11D0-8D11-00A0C91BC942}") = "aggvrml", "aggvrml.vcxproj", "{21737632-6522-39EA-8539-482BD95F3784}"
	ProjectSection(ProjectDependencies) = postProject
		{0CBE693A-E02D-3EF0-A2F2-BD25CE969264} = {0CBE693A-E02D-3EF0-A2F2-BD25CE969264}
		{02521753-3677-3F80-847F-278F1EBB63E1} = {02521753-3677-3F80-847F-278F1EBB63E1}
	EndProjectSection
EndProject
Project("{8BC9CEB8-8B4A-11D0-8D11-00A0C91BC942}") = "apstats", "apstats.vcxproj", "{73774C90-55D6-32D6-8A60-C2BDD3549A01}"
	ProjectSection(ProjectDependencies) = postProject
		{0CBE693A-E02D-3EF0-A2F2-BD25CE969264} = {0CBE693A-E02D-3EF0-A2F2-BD25CE969264}
		{02521753-3677-3F80-847F-278F1EBB63E1} = {02521753-3677-3F80-847F-278F1EBB63E1}
	EndProjectSection
EndProject
Project("{8BC9CEB8-8B4A-11D0-8D11-00A0C91BC942}") = "chlorattack3d", "chlorattack3d.vcxproj", "{7115C65C-3FAE-3C12-8AA5-2632AD17511E}"
	ProjectSection(ProjectDependencies) = postProject
		{0CBE693A-E02D-3EF0-A2F2-BD25CE969264} = {0CBE693A-E02D-3EF0-A2F2-BD25CE969264}
		{02521753-3677-3F80-847F-278F1EBB63E1} = {02521753-3677-3F80-847F-278F1EBB63E1}
	EndProjectSection
EndProject
Project("{8BC9CEB8-8B4A-11D0-8D11-00A0C91BC942}") = "disrealnew", "disrealnew.vcxproj", "{9350A772-1340-33DA-BB9A-FF689B6AA683}"
	ProjectSection(ProjectDependencies) = postProject
		{0CBE693A-E02D-3EF0-A2F2-BD25CE969264} = {0CBE693A-E02D-3EF0-A2F2-BD25CE969264}
		{02521753-3677-3F80-847F-278F1EBB63E1} = {02521753-3677-3F80-847F-278F1EBB63E1}
	EndProjectSection
EndProject
Project("{8BC9CEB8-8B4A-11D0-8D11-00A0C91BC942}") = "distfapart", "distfapart.vcxproj", "{E84943A6-29AF-3245-B2E2-3FB67D4A608E}"
	ProjectSection(ProjectDependencies) = postProject
		{0CBE693A-E02D-3EF0-A2F2-BD25CE969264} = {0CBE693A-E02D-3EF0-A2F2-BD25CE969264}
		{02521753-3677-3F80-847F-278F1EBB63E1} = {02521753-3677-3F80-847F-278F1EBB63E1}
	EndProjectSection
EndProject
Project("{8BC9CEB8-8B4A-11D0-8D11-00A0C91BC942}") = "distfarand", "distfarand.vcxproj", "{8EF9A167-3DF0-39BA-8FF6-5FB3B4FC9563}"
	ProjectSection(ProjectDependencies) = postProject
		{0CBE693A-E02D-3EF0-A2F2-BD25CE969264} = {0CBE693A-E02D-3EF0-A2F2-BD25CE969264}
		{02521753-3677-3F80-847F-278F1EBB63E1} = {02521753-3677-3F80-847F-278F1EBB63E1}
	EndProjectSection
EndProject
Project("{8BC9CEB8-8B4A-11D0-8D11-00A0C91BC942}") = "dryout", "dryout.vcxproj", "{233BAF93-CAFC-32E7-A86D-CD72781D3BD2}"
	ProjectSection(ProjectDependencies) = postProject
		{0CBE693A-E02D-3EF0-A2F2-BD25CE969264} = {0CBE693A-E02D-3EF0-A2F2-BD25CE969264}
		{02521753-3677-3F80-847F-278F1EBB63E1} = {02521753-3677-3F80-847F-278F1EBB63E1}
	EndProjectSection
EndProject
Project("{8BC9CEB8-8B4A-11D0-8D11-00A0C91BC942}") = "elastic", "elastic.vcxproj", "{83AA108F-D37E-3DC1-BC2A-B32A0441E45A}"
	ProjectSection(ProjectDependencies) = postProject
		{0CBE693A-E02D-3EF0-A2F2-BD25CE969264} = {0CBE693A-E02D-3EF0-A2F2-BD25CE969264}
		{02521753-3677-3F80-847F-278F1EBB63E1} = {02521753-3677-3F80-847F-278F1EBB63E1}
	EndProjectSection
EndProject
Project("{8BC9CEB8-8B4A-11D0-8D11-00A0C91BC942}") = "genaggpack", "genaggpack.vcxproj", "{9E635746-C5D8-3E7B-97C4-5D8F330FEEE4}"
	ProjectSection(ProjectDependencies) = postProject
		{0CBE693A-E02D-3EF0-A2F2-BD25CE969264} = {0CBE693A-E02D-3EF0-A2F2-BD25CE969264}
		{02521753-3677-3F80-847F-278F1EBB63E1} = {02521753-3677-3F80-847F-278F1EBB63E1}
	EndProjectSection
EndProject
Project("{8BC9CEB8-8B4A-11D0-8D11-00A0C91BC942}") = "genmic", "genmic.vcxproj", "{8366D4FC-F233-361F-A566-297684B47AAD}"
	ProjectSection(ProjectDependencies) = postProject
		{0CBE693A-E02D-3EF0-A2F2-BD25CE969264} = {0CBE693A-E02D-3EF0-A2F2-BD25CE969264}
		{02521753-3677-3F80-847F-278F1EBB63E1} = {02521753-3677-3F80-847F-278F1EBB63E1}
	EndProjectSection
EndProject
Project("{8BC9CEB8-8B4A-11D0-8D11-00A0C91BC942}") = "hydmovie", "hydmovie.vcxproj", "{59D05C73-1D43-377B-858E-BEDC4EB405D9}"
	ProjectSection(ProjectDependencies) = postProject
		{0CBE693A-E02D-3EF0-A2F2-BD25CE969264} = {0CBE693A-E02D-3EF0-A2F2-BD25CE969264}
		{02521753-3677-3F80-847F-278F1EBB63E1} = {02521753-3677-3F80-847F-278F1EBB63E1}
	EndProjectSection
EndProject
Project("{8BC9CEB8-8B4A-11D0-8D11-00A0C91BC942}") = "image100", "image100.vcxproj", "{99740FE9-CBBE-3818-A201-D54A550F06C3}"
	ProjectSection(ProjectDependencies) = postProject
		{0CBE693A-E02D-3EF0-A2F2-BD25CE969264} = {0CBE693A-E02D-3EF0-A2F2-BD25CE969264}
		{02521753-3677-3F80-847F-278F1EBB63E1} = {02521753-3677-3F80-847F-278F1EBB63E1}
	EndProjectSection
EndProject
Project("{8BC9CEB8-8B4A-11D0-8D11-00A0C91BC942}") = "leach3d", "leach3d.vcxproj", "{3EADFF87-9ABA-3441-9225-FEF8E2B74E25}"
	ProjectSection(ProjectDependencies) = postProject
		{0CBE693A-E02D-3EF0-A2F2-BD25CE969264} = {0CBE693A-E02D-3EF0-A2F2-BD25CE969264}
		{02521753-3677-3F80-847F-278F1EBB63E1} = {02521753-3677-3F80-847F-278F1EBB63E1}
	EndProjectSection
EndProject
Project("{8BC9CEB8-8B4A-11D0-8D11-00A0C91BC942}") = "measagg", "measagg.vcxproj", "{AB109405-E50B-3B67-8489-6FB8F388EDD0}"
	ProjectSection(ProjectDependencies) = postProject
		{0CBE693A-E02D-3EF0-A2F2-BD25CE969264} = {0CBE693A-E02D-3EF0-A2F2-BD25CE969264}
		{02521753-3677-3F80-847F-278F1EBB63E1} = {02521753-3677-3F80-847F-278F1EBB63E1}
	EndProjectSection
EndProject
Project("{8BC9CEB8-8B4A-11D0-8D11-00A0C91BC942}") = "oneimage", "oneimage.vcxproj", "{985E40CB-B3A7-325F-AC4B-2EAF20BC578A}"
	ProjectSection(ProjectDependencies) = postProject
		{0CBE693A-E02D-3EF0-A2F2-BD25CE969264} = {0CBE693A-E02D-3EF0-A2F2-BD25CE969264}
		{02521753-3677-3F80-847F-278F1EBB63E1} = {02521753-3677-3F80-847F-278F1EBB63E1}
	EndProjectSection
EndProject
Project("{8BC9CEB8-8B4A-11D0-8D11-00A0C91BC942}") = "onepimage", "onepimage.vcxproj", "{62CC27D9-0FBE-3438-9B1E-514608671B59}"
	ProjectSection(ProjectDependencies) = postProject
		{0CBE693A-E02D-3EF0-A2F2-BD25CE969264} = {0CBE693A-E02D-3EF0-A2F2-BD25CE969264}
		{02521753-3677-3F80-847F-278F1EBB63E1} = {02521753-3677-3F80-847F-278F1EBB63E1}
	EndProjectSection
EndProject
Project("{8BC9CEB8-8B4A-11D0-8D11-00A0C91BC942}") = "perc3d", "perc3d.vcxproj", "{D59165F1-CFB1-3073-AEAB-E5EBFEEA43BB}"
	ProjectSection(ProjectDependencies) = postProject
		{0CBE693A-E02D-3EF0-A2F2-BD25CE969264} = {0CBE693A-E02D-3EF0-A2F2-BD25CE969264}
		{02521753-3677-3F80-847F-278F1EBB63E1} = {02521753-3677-3F80-847F-278F1EBB63E1}
	EndProjectSection
EndProject
Project("{8BC9CEB8-8B4A-11D0-8D11-00A0C91BC942}") = "perc3d-leach", "perc3d-leach.vcxproj", "{E4DB3113-9B54-3098-AC32-60B04875DA12}"
	ProjectSection(ProjectDependencies) = postProject
		{0CBE693A-E02D-3EF0-A2F2-BD25CE969264} = {0CBE693A-E02D-3EF0-A2F2-BD25CE969264}
		{02521753-3677-3F80-847F-278F1EBB63E1} = {02521753-3677-3F80-847F-278F1EBB63E1}
	EndProjectSection
EndProject
Project("{8BC9CEB8-8B4A-11D0-8D11-00A0C91BC942}") = "poredist3d", "poredist3d.vcxproj", "{B6784852-2C45-3E3D-B50E-70E880B69FBC}"
	ProjectSection(ProjectDependencies) = postProject
		{0CBE693A-E02D-3EF0-A2F2-BD25CE969264} = {0CBE693A-E02D-3EF0-A2F2-BD25CE969264}
		{02521753-3677-3F80-847F-278F1EBB63E1} = {02521753-3677-3F80-847F-278F1EBB63E1}
	EndProjectSection
EndProject
Project("{8BC9CEB8-8B4A-11D0-8D11-00A0C91BC942}") = "rand3d", "rand3d.vcxproj", "{57494EDA-5B9F-32CF-84A4-9614E204F8E3}"
	ProjectSection(ProjectDependencies) = postProject
		{0CBE693A-E02D-3EF0-A2F2-BD25CE969264} = {0CBE693A-E02D-3EF0-A2F2-BD25CE969264}
		{02521753-3677-3F80-847F-278F1EBB63E1} = {02521753-3677-3F80-847F-278F1EBB63E1}
	EndProjectSection
EndProject
Project("{8BC9CEB8-8B4A-11D0-8D11-00A0C91BC942}") = "stat3d", "stat3d.vcxproj", "{960CFDEA-E548-39E8-8EA1-DDE27488C04B}"
	ProjectSection(ProjectDependencies) = postProject
		{0CBE693A-E02D-3EF0-A2F2-BD25CE969264} = {0CBE693A-E02D-3EF0-A2F2-BD25CE969264}
		{02521753-3677-3F80-847F-278F1EBB63E1} = {02521753-3677-3F80-847F-278F1EBB63E1}
	EndProjectSection
EndProject
Project("{8BC9CEB8-8B4A-11D0-8D11-00A0C91BC942}") = "sulfattack3d", "sulfattack3d.vcxproj", "{F89B8D1B-DC51-3FD9-929A-EBD2DEBDAF04}"
	ProjectSection(ProjectDependencies) = postProject
		{0CBE693A-E02D-3EF0-A2F2-BD25CE969264} = {0CBE693A-E02D-3EF0-A2F2-BD25CE969264}
		{02521753-3677-3F80-847F-278F1EBB63E1} = {02521753-3677-3F80-847F-278F1EBB63E1}
	EndProjectSection
EndProject
Project("{8BC9CEB8-8B4A-11D0-8D11-00A0C91BC942}") = "thames2vcctl", "thames2vcctl.vcxproj", "{DE0B6553-863B-3956-927C-62F79D454D52}"
	ProjectSection(ProjectDependencies) = postProject
		{0CBE693A-E02D-3EF0-A2F2-BD25CE969264} = {0CBE693A-E02D-3EF0-A2F2-BD25CE969264}
		{02521753-3677-3F80-847F-278F1EBB63E1} = {02521753-3677-3F80-847F-278F1EBB63E1}
	EndProjectSection
EndProject
Project("{8BC9CEB8-8B4A-11D0-8D11-00A0C91BC942}") = "thames2vcctlcorr", "thames2vcctlcorr.vcxproj", "{E9166746-0691-310F-B05E-A8418FA4F304}"
	ProjectSection(ProjectDependencies) = postProject
		{0CBE693A-E02D-3EF0-A2F2-BD25CE969264} = {0CBE693A-E02D-3EF0-A2F2-BD25CE969264}
		{02521753-3677-3F80-847F-278F1EBB63E1} = {02521753-3677-3F80-847F-278F1EBB63E1}
	EndProjectSection
EndProject
Project("{8BC9CEB8-8B4A-11D0-8D11-00A0C91BC942}") = "totsurf", "totsurf.vcxproj", "{279C5FCC-4799-325E-ABF3-795806DCFC3D}"
	ProjectSection(ProjectDependencies) = postProject
		{0CBE693A-E02D-3EF0-A2F2-BD25CE969264} = {0CBE693A-E02D-3EF0-A2F2-BD25CE969264}
		{02521753-3677-3F80-847F-278F1EBB63E1} = {02521753-3677-3F80-847F-278F1EBB63E1}
	EndProjectSection
EndProject
Project("{8BC9CEB8-8B4A-11D0-8D11-00A0C91BC942}") = "transport", "transport.vcxproj", "{90E24494-5C91-36D6-842B-B46327BC90F6}"
	ProjectSection(ProjectDependencies) = postProject
		{0CBE693A-E02D-3EF0-A2F2-BD25CE969264} = {0CBE693A-E02D-3EF0-A2F2-BD25CE969264}
		{02521753-3677-3F80-847F-278F1EBB63E1} = {02521753-3677-3F80-847F-278F1EBB63E1}
	EndProjectSection
EndProject
Project("{8BC9CEB8-8B4A-11D0-8D11-00A0C91BC942}") = "vcctl", "src\vcctllib\vcctl.vcxproj", "{02521753-3677-3F80-847F-278F1EBB63E1}"
	ProjectSection(ProjectDependencies) = postProject
		{0CBE693A-E02D-3EF0-A2F2-BD25CE969264} = {0CBE693A-E02D-3EF0-A2F2-BD25CE969264}
	EndProjectSection
EndProject
Global
	GlobalSection(SolutionConfigurationPlatforms) = preSolution
		Debug|x64 = Debug|x64
		Release|x64 = Release|x64
		MinSizeRel|x64 = MinSizeRel|x64
		RelWithDebInfo|x64 = RelWithDebInfo|x64
	EndGlobalSection
	GlobalSection(ProjectConfigurationPlatforms) = postSolution
		{67584EBE-20CA-340A-99E9-AECFBDB51994}.Debug|x64.ActiveCfg = Debug|x64
		{67584EBE-20CA-340A-99E9-AECFBDB51994}.Debug|x64.Build.0 = Debug|x64
		{67584EBE-20CA-340A-99E9-AECFBDB51994}.Release|x64.ActiveCfg = Release|x64
		{67584EBE-20CA-340A-99E9-AECFBDB51994}.Release|x64.Build.0 = Release|x64
		{67584EBE-20CA-340A-99E9-AECFBDB51994}.MinSizeRel|x64.ActiveCfg = MinSizeRel|x64
		{67584EBE-20CA-340A-99E9-AECFBDB51994}.MinSizeRel|x64.Build.0 = MinSizeRel|x64
		{67584EBE-20CA-340A-99E9-AECFBDB51994}.RelWithDebInfo|x64.ActiveCfg = RelWithDebInfo|x64
		{67584EBE-20CA-340A-99E9-AECFBDB51994}.RelWithDebInfo|x64.Build.0 = RelWithDebInfo|x64
		{80258B5C-EE40-3E15-A306-BD141515D17C}.Debug|x64.ActiveCfg = Debug|x64
		{80258B5C-EE40-3E15-A306-BD141515D17C}.Release|x64.ActiveCfg = Release|x64
		{80258B5C-EE40-3E15-A306-BD141515D17C}.MinSizeRel|x64.ActiveCfg = MinSizeRel|x64
		{80258B5C-EE40-3E15-A306-BD141515D17C}.RelWithDebInfo|x64.ActiveCfg = RelWithDebInfo|x64
		{0CBE693A-E02D-3EF0-A2F2-BD25CE969264}.Debug|x64.ActiveCfg = Debug|x64
		{0CBE693A-E02D-3EF0-A2F2-BD25CE969264}.Debug|x64.Build.0 = Debug|x64
		{0CBE693A-E02D-3EF0-A2F2-BD25CE969264}.Release|x64.ActiveCfg = Release|x64
		{0CBE693A-E02D-3EF0-A2F2-BD25CE969264}.Release|x64.Build.0 = Release|x64
		{0CBE693A-E02D-3EF0-A2F2-BD25CE969264}.MinSizeRel|x64.ActiveCfg = MinSizeRel|x64
		{0CBE693A-E02D-3EF0-A2F2-BD25CE969264}.MinSizeRel|x64.Build.0 = MinSizeRel|x64
		{0CBE693A-E02D-3EF0-A2F2-BD25CE969264}.RelWithDebInfo|x64.ActiveCfg = RelWithDebInfo|x64
		{0CBE693A-E02D-3EF0-A2F2-BD25CE969264}.RelWithDebInfo|x64.Build.0 = RelWithDebInfo|x64
		{21737632-6522-39EA-8539-482BD95F3784}.Debug|x64.ActiveCfg = Debug|x64
		{21737632-6522-39EA-8539-482BD95F3784}.Debug|x64.Build.0 = Debug|x64
		{21737632-6522-39EA-8539-482BD95F3784}.Release|x64.ActiveCfg = Release|x64
		{21737632-6522-39EA-8539-482BD95F3784}.Release|x64.Build.0 = Release|x64
		{21737632-6522-39EA-8539-482BD95F3784}.MinSizeRel|x64.ActiveCfg = MinSizeRel|x64
		{21737632-6522-39EA-8539-482BD95F3784}.MinSizeRel|x64.Build.0 = MinSizeRel|x64
		{21737632-6522-39EA-8539-482BD95F3784}.RelWithDebInfo|x64.ActiveCfg = RelWithDebInfo|x64
		{21737632-6522-39EA-8539-482BD95F3784}.RelWithDebInfo|x64.Build.0 = RelWithDebInfo|x64
		{73774C90-55D6-32D6-8A60-C2BDD3549A01}.Debug|x64.ActiveCfg = Debug|x64
		{73774C90-55D6-32D6-8A60-C2BDD3549A01}.Debug|x64.Build.0 = Debug|x64
		{73774C90-55D6-32D6-8A60-C2BDD3549A01}.Release|x64.ActiveCfg = Release|x64
		{73774C90-55D6-32D6-8A60-C2BDD3549A01}.Release|x64.Build.0 = Release|x64
		{73774C90-55D6-32D6-8A60-C2BDD3549A01}.MinSizeRel|x64.ActiveCfg = MinSizeRel|x64
		{73774C90-55D6-32D6-8A60-C2BDD3549A01}.MinSizeRel|x64.Build.0 = MinSizeRel|x64
		{73774C90-55D6-32D6-8A60-C2BDD3549A01}.RelWithDebInfo|x64.ActiveCfg = RelWithDebInfo|x64
		{73774C90-55D6-32D6-8A60-C2BDD3549A01}.RelWithDebInfo|x64.Build.0 = RelWithDebInfo|x64
		{7115C65C-3FAE-3C12-8AA5-2632AD17511E}.Debug|x64.ActiveCfg = Debug|x64
		{7115C65C-3FAE-3C12-8AA5-2632AD17511E}.Debug|x64.Build.0 = Debug|x64
		{7115C65C-3FAE-3C12-8AA5-2632AD17511E}.Release|x64.ActiveCfg = Release|x64
		{7115C65C-3FAE-3C12-8AA5-2632AD17511E}.Release|x64.Build.0 = Release|x64
		{7115C65C-3FAE-3C12-8AA5-2632AD17511E}.MinSizeRel|x64.ActiveCfg = MinSizeRel|x64
		{7115C65C-3FAE-3C12-8AA5-2632AD17511E}.MinSizeRel|x64.Build.0 = MinSizeRel|x64
		{7115C65C-3FAE-3C12-8AA5-2632AD17511E}.RelWithDebInfo|x64.ActiveCfg = RelWithDebInfo|x64
		{7115C65C-3FAE-3C12-8AA5-2632AD17511E}.RelWithDebInfo|x64.Build.0 = RelWithDebInfo|x64
		{9350A772-1340-33DA-BB9A-FF689B6AA683}.Debug|x64.ActiveCfg = Debug|x64
		{9350A772-1340-33DA-BB9A-FF689B6AA683}.Debug|x64.Build.0 = Debug|x64
		{9350A772-1340-33DA-BB9A-FF689B6AA683}.Release|x64.ActiveCfg = Release|x64
		{9350A772-1340-33DA-BB9A-FF689B6AA683}.Release|x64.Build.0 = Release|x64
		{9350A772-1340-33DA-BB9A-FF689B6AA683}.MinSizeRel|x64.ActiveCfg = MinSizeRel|x64
		{9350A772-1340-33DA-BB9A-FF689B6AA683}.MinSizeRel|x64.Build.0 = MinSizeRel|x64
		{9350A772-1340-33DA-BB9A-FF689B6AA683}.RelWithDebInfo|x64.ActiveCfg = RelWithDebInfo|x64
		{9350A772-1340-33DA-BB9A-FF689B6AA683}.RelWithDebInfo|x64.Build.0 = RelWithDebInfo|x64
		{E84943A6-29AF-3245-B2E2-3FB67D4A608E}.Debug|x64.ActiveCfg = Debug|x64
		{E84943A6-29AF-3245-B2E2-3FB67D4A608E}.Debug|x64.Build.0 = Debug|x64
		{E84943A6-29AF-3245-B2E2-3FB67D4A608E}.Release|x64.ActiveCfg = Release|x64
		{E84943A6-29AF-3245-B2E2-3FB67D4A608E}.Release|x64.Build.0 = Release|x64
		{E84943A6-29AF-3245-B2E2-3FB67D4A608E}.MinSizeRel|x64.ActiveCfg = MinSizeRel|x64
		{E84943A6-29AF-3245-B2E2-3FB67D4A608E}.MinSizeRel|x64.Build.0 = MinSizeRel|x64
		{E84943A6-29AF-3245-B2E2-3FB67D4A608E}.RelWithDebInfo|x64.ActiveCfg = RelWithDebInfo|x64
		{E84943A6-29AF-3245-B2E2-3FB67D4A608E}.RelWithDebInfo|x64.Build.0 = RelWithDebInfo|x64
		{8EF9A167-3DF0-39BA-8FF6-5FB3B4FC9563}.Debug|x64.ActiveCfg = Debug|x64
		{8EF9A167-3DF0-39BA-8FF6-5FB3B4FC9563}.Debug|x64.Build.0 = Debug|x64
		{8EF9A167-3DF0-39BA-8FF6-5FB3B4FC9563}.Release|x64.ActiveCfg = Release|x64
		{8EF9A167-3DF0-39BA-8FF6-5FB3B4FC9563}.Release|x64.Build.0 = Release|x64
		{8EF9A167-3DF0-39BA-8FF6-5FB3B4FC9563}.MinSizeRel|x64.ActiveCfg = MinSizeRel|x64
		{8EF9A167-3DF0-39BA-8FF6-5FB3B4FC9563}.MinSizeRel|x64.Build.0 = MinSizeRel|x64
		{8EF9A167-3DF0-39BA-8FF6-5FB3B4FC9563}.RelWithDebInfo|x64.ActiveCfg = RelWithDebInfo|x64
		{8EF9A167-3DF0-39BA-8FF6-5FB3B4FC9563}.RelWithDebInfo|x64.Build.0 = RelWithDebInfo|x64
		{233BAF93-CAFC-32E7-A86D-CD72781D3BD2}.Debug|x64.ActiveCfg = Debug|x64
		{233BAF93-CAFC-32E7-A86D-CD72781D3BD2}.Debug|x64.Build.0 = Debug|x64
		{233BAF93-CAFC-32E7-A86D-CD72781D3BD2}.Release|x64.ActiveCfg = Release|x64
		{233BAF93-CAFC-32E7-A86D-CD72781D3BD2}.Release|x64.Build.0 = Release|x64
		{233BAF93-CAFC-32E7-A86D-CD72781D3BD2}.MinSizeRel|x64.ActiveCfg = MinSizeRel|x64
		{233BAF93-CAFC-32E7-A86D-CD72781D3BD2}.MinSizeRel|x64.Build.0 = MinSizeRel|x64
		{233BAF93-CAFC-32E7-A86D-CD72781D3BD2}.RelWithDebInfo|x64.ActiveCfg = RelWithDebInfo|x64
		{233BAF93-CAFC-32E7-A86D-CD72781D3BD2}.RelWithDebInfo|x64.Build.0 = RelWithDebInfo|x64
		{83AA108F-D37E-3DC1-BC2A-B32A0441E45A}.Debug|x64.ActiveCfg = Debug|x64
		{83AA108F-D37E-3DC1-BC2A-B32A0441E45A}.Debug|x64.Build.0 = Debug|x64
		{83AA108F-D37E-3DC1-BC2A-B32A0441E45A}.Release|x64.ActiveCfg = Release|x64
		{83AA108F-D37E-3DC1-BC2A-B32A0441E45A}.Release|x64.Build.0 = Release|x64
		{83AA108F-D37E-3DC1-BC2A-B32A0441E45A}.MinSizeRel|x64.ActiveCfg = MinSizeRel|x64
		{83AA108F-D37E-3DC1-BC2A-B32A0441E45A}.MinSizeRel|x64.Build.0 = MinSizeRel|x64
		{83AA108F-D37E-3DC1-BC2A-B32A0441E45A}.RelWithDebInfo|x64.ActiveCfg = RelWithDebInfo|x64
		{83AA108F-D37E-3DC1-BC2A-B32A0441E45A}.RelWithDebInfo|x64.Build.0 = RelWithDebInfo|x64
		{9E635746-C5D8-3E7B-97C4-5D8F330FEEE4}.Debug|x64.ActiveCfg = Debug|x64
		{9E635746-C5D8-3E7B-97C4-5D8F330FEEE4}.Debug|x64.Build.0 = Debug|x64
		{9E635746-C5D8-3E7B-97C4-5D8F330FEEE4}.Release|x64.ActiveCfg = Release|x64
		{9E635746-C5D8-3E7B-97C4-5D8F330FEEE4}.Release|x64.Build.0 = Release|x64
		{9E635746-C5D8-3E7B-97C4-5D8F330FEEE4}.MinSizeRel|x64.ActiveCfg = MinSizeRel|x64
		{9E635746-C5D8-3E7B-97C4-5D8F330FEEE4}.MinSizeRel|x64.Build.0 = MinSizeRel|x64
		{9E635746-C5D8-3E7B-97C4-5D8F330FEEE4}.RelWithDebInfo|x64.ActiveCfg = RelWithDebInfo|x64
		{9E635746-C5D8-3E7B-97C4-5D8F330FEEE4}.RelWithDebInfo|x64.Build.0 = RelWithDebInfo|x64
		{8366D4FC-F233-361F-A566-297684B47AAD}.Debug|x64.ActiveCfg = Debug|x64
		{8366D4FC-F233-361F-A566-297684B47AAD}.Debug|x64.Build.0 = Debug|x64
		{8366D4FC-F233-361F-A566-297684B47AAD}.Release|x64.ActiveCfg = Release|x64
		{8366D4FC-F233-361F-A566-297684B47AAD}.Release|x64.Build.0 = Release|x64
		{8366D4FC-F233-361F-A566-297684B47AAD}.MinSizeRel|x64.ActiveCfg = MinSizeRel|x64
		{8366D4FC-F233-361F-A566-297684B47AAD}.MinSizeRel|x64.Build.0 = MinSizeRel|x64
		{8366D4FC-F233-361F-A566-297684B47AAD}.RelWithDebInfo|x64.ActiveCfg = RelWithDebInfo|x64
		{8366D4FC-F233-361F-A566-297684B47AAD}.RelWithDebInfo|x64.Build.0 = RelWithDebInfo|x64
		{59D05C73-1D43-377B-858E-BEDC4EB405D9}.Debug|x64.ActiveCfg = Debug|x64
		{59D05C73-1D43-377B-858E-BEDC4EB405D9}.Debug|x64.Build.0 = Debug|x64
		{59D05C73-1D43-377B-858E-BEDC4EB405D9}.Release|x64.ActiveCfg = Release|x64
		{59D05C73-1D43-377B-858E-BEDC4EB405D9}.Release|x64.Build.0 = Release|x64
		{59D05C73-1D43-377B-858E-BEDC4EB405D9}.MinSizeRel|x64.ActiveCfg = MinSizeRel|x64
		{59D05C73-1D43-377B-858E-BEDC4EB405D9}.MinSizeRel|x64.Build.0 = MinSizeRel|x64
		{59D05C73-1D43-377B-858E-BEDC4EB405D9}.RelWithDebInfo|x64.ActiveCfg = RelWithDebInfo|x64
		{59D05C73-1D43-377B-858E-BEDC4EB405D9}.RelWithDebInfo|x64.Build.0 = RelWithDebInfo|x64
		{99740FE9-CBBE-3818-A201-D54A550F06C3}.Debug|x64.ActiveCfg = Debug|x64
		{99740FE9-CBBE-3818-A201-D54A550F06C3}.Debug|x64.Build.0 = Debug|x64
		{99740FE9-CBBE-3818-A201-D54A550F06C3}.Release|x64.ActiveCfg = Release|x64
		{99740FE9-CBBE-3818-A201-D54A550F06C3}.Release|x64.Build.0 = Release|x64
		{99740FE9-CBBE-3818-A201-D54A550F06C3}.MinSizeRel|x64.ActiveCfg = MinSizeRel|x64
		{99740FE9-CBBE-3818-A201-D54A550F06C3}.MinSizeRel|x64.Build.0 = MinSizeRel|x64
		{99740FE9-CBBE-3818-A201-D54A550F06C3}.RelWithDebInfo|x64.ActiveCfg = RelWithDebInfo|x64
		{99740FE9-CBBE-3818-A201-D54A550F06C3}.RelWithDebInfo|x64.Build.0 = RelWithDebInfo|x64
		{3EADFF87-9ABA-3441-9225-FEF8E2B74E25}.Debug|x64.ActiveCfg = Debug|x64
		{3EADFF87-9ABA-3441-9225-FEF8E2B74E25}.Debug|x64.Build.0 = Debug|x64
		{3EADFF87-9ABA-3441-9225-FEF8E2B74E25}.Release|x64.ActiveCfg = Release|x64
		{3EADFF87-9ABA-3441-9225-FEF8E2B74E25}.Release|x64.Build.0 = Release|x64
		{3EADFF87-9ABA-3441-9225-FEF8E2B74E25}.MinSizeRel|x64.ActiveCfg = MinSizeRel|x64
		{3EADFF87-9ABA-3441-9225-FEF8E2B74E25}.MinSizeRel|x64.Build.0 = MinSizeRel|x64
		{3EADFF87-9ABA-3441-9225-FEF8E2B74E25}.RelWithDebInfo|x64.ActiveCfg = RelWithDebInfo|x64
		{3EADFF87-9ABA-3441-9225-FEF8E2B74E25}.RelWithDebInfo|x64.Build.0 = RelWithDebInfo|x64
		{AB109405-E50B-3B67-8489-6FB8F388EDD0}.Debug|x64.ActiveCfg = Debug|x64
		{AB109405-E50B-3B67-8489-6FB8F388EDD0}.Debug|x64.Build.0 = Debug|x64
		{AB109405-E50B-3B67-8489-6FB8F388EDD0}.Release|x64.ActiveCfg = Release|x64
		{AB109405-E50B-3B67-8489-6FB8F388EDD0}.Release|x64.Build.0 = Release|x64
		{AB109405-E50B-3B67-8489-6FB8F388EDD0}.MinSizeRel|x64.ActiveCfg = MinSizeRel|x64
		{AB109405-E50B-3B67-8489-6FB8F388EDD0}.MinSizeRel|x64.Build.0 = MinSizeRel|x64
		{AB109405-E50B-3B67-8489-6FB8F388EDD0}.RelWithDebInfo|x64.ActiveCfg = RelWithDebInfo|x64
		{AB109405-E50B-3B67-8489-6FB8F388EDD0}.RelWithDebInfo|x64.Build.0 = RelWithDebInfo|x64
		{985E40CB-B3A7-325F-AC4B-2EAF20BC578A}.Debug|x64.ActiveCfg = Debug|x64
		{985E40CB-B3A7-325F-AC4B-2EAF20BC578A}.Debug|x64.Build.0 = Debug|x64
		{985E40CB-B3A7-325F-AC4B-2EAF20BC578A}.Release|x64.ActiveCfg = Release|x64
		{985E40CB-B3A7-325F-AC4B-2EAF20BC578A}.Release|x64.Build.0 = Release|x64
		{985E40CB-B3A7-325F-AC4B-2EAF20BC578A}.MinSizeRel|x64.ActiveCfg = MinSizeRel|x64
		{985E40CB-B3A7-325F-AC4B-2EAF20BC578A}.MinSizeRel|x64.Build.0 = MinSizeRel|x64
		{985E40CB-B3A7-325F-AC4B-2EAF20BC578A}.RelWithDebInfo|x64.ActiveCfg = RelWithDebInfo|x64
		{985E40CB-B3A7-325F-AC4B-2EAF20BC578A}.RelWithDebInfo|x64.Build.0 = RelWithDebInfo|x64
		{62CC27D9-0FBE-3438-9B1E-514608671B59}.Debug|x64.ActiveCfg = Debug|x64
		{62CC27D9-0FBE-3438-9B1E-514608671B59}.Debug|x64.Build.0 = Debug|x64
		{62CC27D9-0FBE-3438-9B1E-514608671B59}.Release|x64.ActiveCfg = Release|x64
		{62CC27D9-0FBE-3438-9B1E-514608671B59}.Release|x64.Build.0 = Release|x64
		{62CC27D9-0FBE-3438-9B1E-514608671B59}.MinSizeRel|x64.ActiveCfg = MinSizeRel|x64
		{62CC27D9-0FBE-3438-9B1E-514608671B59}.MinSizeRel|x64.Build.0 = MinSizeRel|x64
		{62CC27D9-0FBE-3438-9B1E-514608671B59}.RelWithDebInfo|x64.ActiveCfg = RelWithDebInfo|x64
		{62CC27D9-0FBE-3438-9B1E-514608671B59}.RelWithDebInfo|x64.Build.0 = RelWithDebInfo|x64
		{D59165F1-CFB1-3073-AEAB-E5EBFEEA43BB}.Debug|x64.ActiveCfg = Debug|x64
		{D59165F1-CFB1-3073-AEAB-E5EBFEEA43BB}.Debug|x64.Build.0 = Debug|x64
		{D59165F1-CFB1-3073-AEAB-E5EBFEEA43BB}.Release|x64.ActiveCfg = Release|x64
		{D59165F1-CFB1-3073-AEAB-E5EBFEEA43BB}.Release|x64.Build.0 = Release|x64
		{D59165F1-CFB1-3073-AEAB-E5EBFEEA43BB}.MinSizeRel|x64.ActiveCfg = MinSizeRel|x64
		{D59165F1-CFB1-3073-AEAB-E5EBFEEA43BB}.MinSizeRel|x64.Build.0 = MinSizeRel|x64
		{D59165F1-CFB1-3073-AEAB-E5EBFEEA43BB}.RelWithDebInfo|x64.ActiveCfg = RelWithDebInfo|x64
		{D59165F1-CFB1-3073-AEAB-E5EBFEEA43BB}.RelWithDebInfo|x64.Build.0 = RelWithDebInfo|x64
		{E4DB3113-9B54-3098-AC32-60B04875DA12}.Debug|x64.ActiveCfg = Debug|x64
		{E4DB3113-9B54-3098-AC32-60B04875DA12}.Debug|x64.Build.0 = Debug|x64
		{E4DB3113-9B54-3098-AC32-60B04875DA12}.Release|x64.ActiveCfg = Release|x64
		{E4DB3113-9B54-3098-AC32-60B04875DA12}.Release|x64.Build.0 = Release|x64
		{E4DB3113-9B54-3098-AC32-60B04875DA12}.MinSizeRel|x64.ActiveCfg = MinSizeRel|x64
		{E4DB3113-9B54-3098-AC32-60B04875DA12}.MinSizeRel|x64.Build.0 = MinSizeRel|x64
		{E4DB3113-9B54-3098-AC32-60B04875DA12}.RelWithDebInfo|x64.ActiveCfg = RelWithDebInfo|x64
		{E4DB3113-9B54-3098-AC32-60B04875DA12}.RelWithDebInfo|x64.Build.0 = RelWithDebInfo|x64
		{B6784852-2C45-3E3D-B50E-70E880B69FBC}.Debug|x64.ActiveCfg = Debug|x64
		{B6784852-2C45-3E3D-B50E-70E880B69FBC}.Debug|x64.Build.0 = Debug|x64
		{B6784852-2C45-3E3D-B50E-70E880B69FBC}.Release|x64.ActiveCfg = Release|x64
		{B6784852-2C45-3E3D-B50E-70E880B69FBC}.Release|x64.Build.0 = Release|x64
		{B6784852-2C45-3E3D-B50E-70E880B69FBC}.MinSizeRel|x64.ActiveCfg = MinSizeRel|x64
		{B6784852-2C45-3E3D-B50E-70E880B69FBC}.MinSizeRel|x64.Build.0 = MinSizeRel|x64
		{B6784852-2C45-3E3D-B50E-70E880B69FBC}.RelWithDebInfo|x64.ActiveCfg = RelWithDebInfo|x64
		{B6784852-2C45-3E3D-B50E-70E880B69FBC}.RelWithDebInfo|x64.Build.0 = RelWithDebInfo|x64
		{57494EDA-5B9F-32CF-84A4-9614E204F8E3}.Debug|x64.ActiveCfg = Debug|x64
		{57494EDA-5B9F-32CF-84A4-9614E204F8E3}.Debug|x64.Build.0 = Debug|x64
		{57494EDA-5B9F-32CF-84A4-9614E204F8E3}.Release|x64.ActiveCfg = Release|x64
		{57494EDA-5B9F-32CF-84A4-9614E204F8E3}.Release|x64.Build.0 = Release|x64
		{57494EDA-5B9F-32CF-84A4-9614E204F8E3}.MinSizeRel|x64.ActiveCfg = MinSizeRel|x64
		{57494EDA-5B9F-32CF-84A4-9614E204F8E3}.MinSizeRel|x64.Build.0 = MinSizeRel|x64
		{57494EDA-5B9F-32CF-84A4-9614E204F8E3}.RelWithDebInfo|x64.ActiveCfg = RelWithDebInfo|x64
		{57494EDA-5B9F-32CF-84A4-9614E204F8E3}.RelWithDebInfo|x64.Build.0 = RelWithDebInfo|x64
		{960CFDEA-E548-39E8-8EA1-DDE27488C04B}.Debug|x64.ActiveCfg = Debug|x64
		{960CFDEA-E548-39E8-8EA1-DDE27488C04B}.Debug|x64.Build.0 = Debug|x64
		{960CFDEA-E548-39E8-8EA1-DDE27488C04B}.Release|x64.ActiveCfg = Release|x64
		{960CFDEA-E548-39E8-8EA1-DDE27488C04B}.Release|x64.Build.0 = Release|x64
		{960CFDEA-E548-39E8-8EA1-DDE27488C04B}.MinSizeRel|x64.ActiveCfg = MinSizeRel|x64
		{960CFDEA-E548-39E8-8EA1-DDE27488C04B}.MinSizeRel|x64.Build.0 = MinSizeRel|x64
		{960CFDEA-E548-39E8-8EA1-DDE27488C04B}.RelWithDebInfo|x64.ActiveCfg = RelWithDebInfo|x64
		{960CFDEA-E548-39E8-8EA1-DDE27488C04B}.RelWithDebInfo|x64.Build.0 = RelWithDebInfo|x64
		{F89B8D1B-DC51-3FD9-929A-EBD2DEBDAF04}.Debug|x64.ActiveCfg = Debug|x64
		{F89B8D1B-DC51-3FD9-929A-EBD2DEBDAF04}.Debug|x64.Build.0 = Debug|x64
		{F89B8D1B-DC51-3FD9-929A-EBD2DEBDAF04}.Release|x64.ActiveCfg = Release|x64
		{F89B8D1B-DC51-3FD9-929A-EBD2DEBDAF04}.Release|x64.Build.0 = Release|x64
		{F89B8D1B-DC51-3FD9-929A-EBD2DEBDAF04}.MinSizeRel|x64.ActiveCfg = MinSizeRel|x64
		{F89B8D1B-DC51-3FD9-929A-EBD2DEBDAF04}.MinSizeRel|x64.Build.0 = MinSizeRel|x64
		{F89B8D1B-DC51-3FD9-929A-EBD2DEBDAF04}.RelWithDebInfo|x64.ActiveCfg = RelWithDebInfo|x64
		{F89B8D1B-DC51-3FD9-929A-EBD2DEBDAF04}.RelWithDebInfo|x64.Build.0 = RelWithDebInfo|x64
		{DE0B6553-863B-3956-927C-62F79D454D52}.Debug|x64.ActiveCfg = Debug|x64
		{DE0B6553-863B-3956-927C-62F79D454D52}.Debug|x64.Build.0 = Debug|x64
		{DE0B6553-863B-3956-927C-62F79D454D52}.Release|x64.ActiveCfg = Release|x64
		{DE0B6553-863B-3956-927C-62F79D454D52}.Release|x64.Build.0 = Release|x64
		{DE0B6553-863B-3956-927C-62F79D454D52}.MinSizeRel|x64.ActiveCfg = MinSizeRel|x64
		{DE0B6553-863B-3956-927C-62F79D454D52}.MinSizeRel|x64.Build.0 = MinSizeRel|x64
		{DE0B6553-863B-3956-927C-62F79D454D52}.RelWithDebInfo|x64.ActiveCfg = RelWithDebInfo|x64
		{DE0B6553-863B-3956-927C-62F79D454D52}.RelWithDebInfo|x64.Build.0 = RelWithDebInfo|x64
		{E9166746-0691-310F-B05E-A8418FA4F304}.Debug|x64.ActiveCfg = Debug|x64
		{E9166746-0691-310F-B05E-A8418FA4F304}.Debug|x64.Build.0 = Debug|x64
		{E9166746-0691-310F-B05E-A8418FA4F304}.Release|x64.ActiveCfg = Release|x64
		{E9166746-0691-310F-B05E-A8418FA4F304}.Release|x64.Build.0 = Release|x64
		{E9166746-0691-310F-B05E-A8418FA4F304}.MinSizeRel|x64.ActiveCfg = MinSizeRel|x64
		{E9166746-0691-310F-B05E-A8418FA4F304}.MinSizeRel|x64.Build.0 = MinSizeRel|x64
		{E9166746-0691-310F-B05E-A8418FA4F304}.RelWithDebInfo|x64.ActiveCfg = RelWithDebInfo|x64
		{E9166746-0691-310F-B05E-A8418FA4F304}.RelWithDebInfo|x64.Build.0 = RelWithDebInfo|x64
		{279C5FCC-4799-325E-ABF3-795806DCFC3D}.Debug|x64.ActiveCfg = Debug|x64
		{279C5FCC-4799-325E-ABF3-795806DCFC3D}.Debug|x64.Build.0 = Debug|x64
		{279C5FCC-4799-325E-ABF3-795806DCFC3D}.Release|x64.ActiveCfg = Release|x64
		{279C5FCC-4799-325E-ABF3-795806DCFC3D}.Release|x64.Build.0 = Release|x64
		{279C5FCC-4799-325E-ABF3-795806DCFC3D}.MinSizeRel|x64.ActiveCfg = MinSizeRel|x64
		{279C5FCC-4799-325E-ABF3-795806DCFC3D}.MinSizeRel|x64.Build.0 = MinSizeRel|x64
		{279C5FCC-4799-325E-ABF3-795806DCFC3D}.RelWithDebInfo|x64.ActiveCfg = RelWithDebInfo|x64
		{279C5FCC-4799-325E-ABF3-795806DCFC3D}.RelWithDebInfo|x64.Build.0 = RelWithDebInfo|x64
		{90E24494-5C91-36D6-842B-B46327BC90F6}.Debug|x64.ActiveCfg = Debug|x64
		{90E24494-5C91-36D6-842B-B46327BC90F6}.Debug|x64.Build.0 = Debug|x64
		{90E24494-5C91-36D6-842B-B46327BC90F6}.Release|x64.ActiveCfg = Release|x64
		{90E24494-5C91-36D6-842B-B46327BC90F6}.Release|x64.Build.0 = Release|x64
		{90E24494-5C91-36D6-842B-B46327BC90F6}.MinSizeRel|x64.ActiveCfg = MinSizeRel|x64
		{90E24494-5C91-36D6-842B-B46327BC90F6}.MinSizeRel|x64.Build.0 = MinSizeRel|x64
		{90E24494-5C91-36D6-842B-B46327BC90F6}.RelWithDebInfo|x64.ActiveCfg = RelWithDebInfo|x64
		{90E24494-5C91-36D6-842B-B46327BC90F6}.RelWithDebInfo|x64.Build.0 = RelWithDebInfo|x64
		{02521753-3677-3F80-847F-278F1EBB63E1}.Debug|x64.ActiveCfg = Debug|x64
		{02521753-3677-3F80-847F-278F1EBB63E1}.Debug|x64.Build.0 = Debug|x64
		{02521753-3677-3F80-847F-278F1EBB63E1}.Release|x64.ActiveCfg = Release|x64
		{02521753-3677-3F80-847F-278F1EBB63E1}.Release|x64.Build.0 = Release|x64
		{02521753-3677-3F80-847F-278F1EBB63E1}.MinSizeRel|x64.ActiveCfg = MinSizeRel|x64
		{02521753-3677-3F80-847F-278F1EBB63E1}.MinSizeRel|x64.Build.0 = MinSizeRel|x64
		{02521753-3677-3F80-847F-278F1EBB63E1}.RelWithDebInfo|x64.ActiveCfg = RelWithDebInfo|x64
		{02521753-3677-3F80-847F-278F1EBB63E1}.RelWithDebInfo|x64.Build.0 = RelWithDebInfo|x64
	EndGlobalSection
	GlobalSection(NestedProjects) = preSolution
		{67584EBE-20CA-340A-99E9-AECFBDB51994} = {07899542-9944-3C36-B6F2-3E8F1FEE553A}
		{80258B5C-EE40-3E15-A306-BD141515D17C} = {07899542-9944-3C36-B6F2-3E8F1FEE553A}
		{0CBE693A-E02D-3EF0-A2F2-BD25CE969264} = {07899542-9944-3C36-B6F2-3E8F1FEE553A}
	EndGlobalSection
	GlobalSection(ExtensibilityGlobals) = postSolution
		SolutionGuid = {2E6914F9-81BE-3255-A7B7-3A348253462A}
	EndGlobalSection
	GlobalSection(ExtensibilityAddIns) = postSolution
	EndGlobalSection
EndGlobal
