<?xml version="1.0" encoding="utf-8"?>
<Project ToolsVersion="17.0" xmlns="http://schemas.microsoft.com/developer/msbuild/2003">
  <ItemGroup>
    <CustomBuild Include="C:\Users\jwbullard\Desktop\foo\VCCTL\backend\build-windows\CMakeFiles\e78fa305f47131a3688b881d8bfdd6be\generate.stamp.rule">
      <Filter>CMake Rules</Filter>
    </CustomBuild>
  </ItemGroup>
  <ItemGroup>
    <Filter Include="CMake Rules">
      <UniqueIdentifier>{492DF229-54D5-35EE-BFC1-FA8F426D92FC}</UniqueIdentifier>
    </Filter>
  </ItemGroup>
</Project>
